
Microsoft Visual Studio Solution File, Format Version 12.00
# Visual Studio Version 17
VisualStudioVersion = 17.0.31903.59
MinimumVisualStudioVersion = 10.0.40219.1
Project("{2150E333-8FDC-42A3-9474-1A3956D46DE8}") = "ContratacaoService", "ContratacaoService", "{90D05A91-A326-050F-70D3-F426CCE873F3}"
EndProject
Project("{FAE04EC0-301F-11D3-BF4B-00C04F79EFBC}") = "ContratacaoService.Domain", "ContratacaoService\ContratacaoService.Domain\ContratacaoService.Domain.csproj", "{062C40CB-6AFC-4B1A-8E92-231968746C5E}"
EndProject
Project("{FAE04EC0-301F-11D3-BF4B-00C04F79EFBC}") = "ContratacaoService.Application", "ContratacaoService\ContratacaoService.Application\ContratacaoService.Application.csproj", "{32D64CC8-E30B-46A0-A32C-A41C7F102332}"
EndProject
Project("{FAE04EC0-301F-11D3-BF4B-00C04F79EFBC}") = "ContratacaoService.Infrastructure", "ContratacaoService\ContratacaoService.Infrastructure\ContratacaoService.Infrastructure.csproj", "{4A71C39C-1B76-4E99-97A4-5CD178337BEE}"
EndProject
Project("{FAE04EC0-301F-11D3-BF4B-00C04F79EFBC}") = "ContratacaoService.Api", "ContratacaoService\ContratacaoService.Api\ContratacaoService.Api.csproj", "{A6F8EF47-0BC7-484E-8AA4-A0EE069CAFC2}"
EndProject
Global
	GlobalSection(SolutionConfigurationPlatforms) = preSolution
		Debug|Any CPU = Debug|Any CPU
		Debug|x64 = Debug|x64
		Debug|x86 = Debug|x86
		Release|Any CPU = Release|Any CPU
		Release|x64 = Release|x64
		Release|x86 = Release|x86
	EndGlobalSection
	GlobalSection(ProjectConfigurationPlatforms) = postSolution
		{062C40CB-6AFC-4B1A-8E92-231968746C5E}.Debug|Any CPU.ActiveCfg = Debug|Any CPU
		{062C40CB-6AFC-4B1A-8E92-231968746C5E}.Debug|Any CPU.Build.0 = Debug|Any CPU
		{062C40CB-6AFC-4B1A-8E92-231968746C5E}.Debug|x64.ActiveCfg = Debug|Any CPU
		{062C40CB-6AFC-4B1A-8E92-231968746C5E}.Debug|x64.Build.0 = Debug|Any CPU
		{062C40CB-6AFC-4B1A-8E92-231968746C5E}.Debug|x86.ActiveCfg = Debug|Any CPU
		{062C40CB-6AFC-4B1A-8E92-231968746C5E}.Debug|x86.Build.0 = Debug|Any CPU
		{062C40CB-6AFC-4B1A-8E92-231968746C5E}.Release|Any CPU.ActiveCfg = Release|Any CPU
		{062C40CB-6AFC-4B1A-8E92-231968746C5E}.Release|Any CPU.Build.0 = Release|Any CPU
		{062C40CB-6AFC-4B1A-8E92-231968746C5E}.Release|x64.ActiveCfg = Release|Any CPU
		{062C40CB-6AFC-4B1A-8E92-231968746C5E}.Release|x64.Build.0 = Release|Any CPU
		{062C40CB-6AFC-4B1A-8E92-231968746C5E}.Release|x86.ActiveCfg = Release|Any CPU
		{062C40CB-6AFC-4B1A-8E92-231968746C5E}.Release|x86.Build.0 = Release|Any CPU
		{32D64CC8-E30B-46A0-A32C-A41C7F102332}.Debug|Any CPU.ActiveCfg = Debug|Any CPU
		{32D64CC8-E30B-46A0-A32C-A41C7F102332}.Debug|Any CPU.Build.0 = Debug|Any CPU
		{32D64CC8-E30B-46A0-A32C-A41C7F102332}.Debug|x64.ActiveCfg = Debug|Any CPU
		{32D64CC8-E30B-46A0-A32C-A41C7F102332}.Debug|x64.Build.0 = Debug|Any CPU
		{32D64CC8-E30B-46A0-A32C-A41C7F102332}.Debug|x86.ActiveCfg = Debug|Any CPU
		{32D64CC8-E30B-46A0-A32C-A41C7F102332}.Debug|x86.Build.0 = Debug|Any CPU
		{32D64CC8-E30B-46A0-A32C-A41C7F102332}.Release|Any CPU.ActiveCfg = Release|Any CPU
		{32D64CC8-E30B-46A0-A32C-A41C7F102332}.Release|Any CPU.Build.0 = Release|Any CPU
		{32D64CC8-E30B-46A0-A32C-A41C7F102332}.Release|x64.ActiveCfg = Release|Any CPU
		{32D64CC8-E30B-46A0-A32C-A41C7F102332}.Release|x64.Build.0 = Release|Any CPU
		{32D64CC8-E30B-46A0-A32C-A41C7F102332}.Release|x86.ActiveCfg = Release|Any CPU
		{32D64CC8-E30B-46A0-A32C-A41C7F102332}.Release|x86.Build.0 = Release|Any CPU
		{4A71C39C-1B76-4E99-97A4-5CD178337BEE}.Debug|Any CPU.ActiveCfg = Debug|Any CPU
		{4A71C39C-1B76-4E99-97A4-5CD178337BEE}.Debug|Any CPU.Build.0 = Debug|Any CPU
		{4A71C39C-1B76-4E99-97A4-5CD178337BEE}.Debug|x64.ActiveCfg = Debug|Any CPU
		{4A71C39C-1B76-4E99-97A4-5CD178337BEE}.Debug|x64.Build.0 = Debug|Any CPU
		{4A71C39C-1B76-4E99-97A4-5CD178337BEE}.Debug|x86.ActiveCfg = Debug|Any CPU
		{4A71C39C-1B76-4E99-97A4-5CD178337BEE}.Debug|x86.Build.0 = Debug|Any CPU
		{4A71C39C-1B76-4E99-97A4-5CD178337BEE}.Release|Any CPU.ActiveCfg = Release|Any CPU
		{4A71C39C-1B76-4E99-97A4-5CD178337BEE}.Release|Any CPU.Build.0 = Release|Any CPU
		{4A71C39C-1B76-4E99-97A4-5CD178337BEE}.Release|x64.ActiveCfg = Release|Any CPU
		{4A71C39C-1B76-4E99-97A4-5CD178337BEE}.Release|x64.Build.0 = Release|Any CPU
		{4A71C39C-1B76-4E99-97A4-5CD178337BEE}.Release|x86.ActiveCfg = Release|Any CPU
		{4A71C39C-1B76-4E99-97A4-5CD178337BEE}.Release|x86.Build.0 = Release|Any CPU
		{A6F8EF47-0BC7-484E-8AA4-A0EE069CAFC2}.Debug|Any CPU.ActiveCfg = Debug|Any CPU
		{A6F8EF47-0BC7-484E-8AA4-A0EE069CAFC2}.Debug|Any CPU.Build.0 = Debug|Any CPU
		{A6F8EF47-0BC7-484E-8AA4-A0EE069CAFC2}.Debug|x64.ActiveCfg = Debug|Any CPU
		{A6F8EF47-0BC7-484E-8AA4-A0EE069CAFC2}.Debug|x64.Build.0 = Debug|Any CPU
		{A6F8EF47-0BC7-484E-8AA4-A0EE069CAFC2}.Debug|x86.ActiveCfg = Debug|Any CPU
		{A6F8EF47-0BC7-484E-8AA4-A0EE069CAFC2}.Debug|x86.Build.0 = Debug|Any CPU
		{A6F8EF47-0BC7-484E-8AA4-A0EE069CAFC2}.Release|Any CPU.ActiveCfg = Release|Any CPU
		{A6F8EF47-0BC7-484E-8AA4-A0EE069CAFC2}.Release|Any CPU.Build.0 = Release|Any CPU
		{A6F8EF47-0BC7-484E-8AA4-A0EE069CAFC2}.Release|x64.ActiveCfg = Release|Any CPU
		{A6F8EF47-0BC7-484E-8AA4-A0EE069CAFC2}.Release|x64.Build.0 = Release|Any CPU
		{A6F8EF47-0BC7-484E-8AA4-A0EE069CAFC2}.Release|x86.ActiveCfg = Release|Any CPU
		{A6F8EF47-0BC7-484E-8AA4-A0EE069CAFC2}.Release|x86.Build.0 = Release|Any CPU
	EndGlobalSection
	GlobalSection(SolutionProperties) = preSolution
		HideSolutionNode = FALSE
	EndGlobalSection
	GlobalSection(NestedProjects) = preSolution
		{062C40CB-6AFC-4B1A-8E92-231968746C5E} = {90D05A91-A326-050F-70D3-F426CCE873F3}
		{32D64CC8-E30B-46A0-A32C-A41C7F102332} = {90D05A91-A326-050F-70D3-F426CCE873F3}
		{4A71C39C-1B76-4E99-97A4-5CD178337BEE} = {90D05A91-A326-050F-70D3-F426CCE873F3}
		{A6F8EF47-0BC7-484E-8AA4-A0EE069CAFC2} = {90D05A91-A326-050F-70D3-F426CCE873F3}
	EndGlobalSection
EndGlobal
